
Microsoft Visual Studio Solution File, Format Version 12.00
# Visual Studio 15
VisualStudioVersion = 15.0.27703.2035
MinimumVisualStudioVersion = 10.0.40219.1
Project("{FAE04EC0-301F-11D3-BF4B-00C04F79EFBC}") = "DailySpecial", "DailySpecial\DailySpecial.csproj", "{EC3E49CC-3BB0-4E6B-AA09-81EEB3A9A40E}"
EndProject
Global
	GlobalSection(SolutionConfigurationPlatforms) = preSolution
		Debug|Any CPU = Debug|Any CPU
		Release|Any CPU = Release|Any CPU
	EndGlobalSection
	GlobalSection(ProjectConfigurationPlatforms) = postSolution
		{EC3E49CC-3BB0-4E6B-AA09-81EEB3A9A40E}.Debug|Any CPU.ActiveCfg = Debug|Any CPU
		{EC3E49CC-3BB0-4E6B-AA09-81EEB3A9A40E}.Debug|Any CPU.Build.0 = Debug|Any CPU
		{EC3E49CC-3BB0-4E6B-AA09-81EEB3A9A40E}.Release|Any CPU.ActiveCfg = Release|Any CPU
		{EC3E49CC-3BB0-4E6B-AA09-81EEB3A9A40E}.Release|Any CPU.Build.0 = Release|Any CPU
	EndGlobalSection
	GlobalSection(SolutionProperties) = preSolution
		HideSolutionNode = FALSE
	EndGlobalSection
	GlobalSection(ExtensibilityGlobals) = postSolution
		SolutionGuid = {20126E6A-D375-479F-BC8E-B55D069B61AE}
	EndGlobalSection
EndGlobal
