
Microsoft Visual Studio Solution File, Format Version 12.00
# Visual Studio 15
VisualStudioVersion = 15.0.27703.2035
MinimumVisualStudioVersion = 10.0.40219.1
Project("{FAE04EC0-301F-11D3-BF4B-00C04F79EFBC}") = "RockPaperScissors", "RockPaperScissors\RockPaperScissors.csproj", "{06E7DD26-D685-499D-8CDC-8E1E336958BA}"
EndProject
Global
	GlobalSection(SolutionConfigurationPlatforms) = preSolution
		Debug|Any CPU = Debug|Any CPU
		Release|Any CPU = Release|Any CPU
	EndGlobalSection
	GlobalSection(ProjectConfigurationPlatforms) = postSolution
		{06E7DD26-D685-499D-8CDC-8E1E336958BA}.Debug|Any CPU.ActiveCfg = Debug|Any CPU
		{06E7DD26-D685-499D-8CDC-8E1E336958BA}.Debug|Any CPU.Build.0 = Debug|Any CPU
		{06E7DD26-D685-499D-8CDC-8E1E336958BA}.Release|Any CPU.ActiveCfg = Release|Any CPU
		{06E7DD26-D685-499D-8CDC-8E1E336958BA}.Release|Any CPU.Build.0 = Release|Any CPU
	EndGlobalSection
	GlobalSection(SolutionProperties) = preSolution
		HideSolutionNode = FALSE
	EndGlobalSection
	GlobalSection(ExtensibilityGlobals) = postSolution
		SolutionGuid = {8840D2B2-F0BA-45F8-BE0D-A3281442EF87}
	EndGlobalSection
EndGlobal
